
Microsoft Visual Studio Solution File, Format Version 11.00
# Visual Studio 2010
Project("{FAE04EC0-301F-11D3-BF4B-00C04F79EFBC}") = "WeSolver.WebHost", "WeSolver.WebHost\WeSolver.WebHost.csproj", "{28FAC31D-9D4F-49CE-B2F7-4F465F3D86D1}"
EndProject
Project("{CC5FD16D-436D-48AD-A40C-5A424C6E3E79}") = "WeSolver.Cloud", "WeSolver.Cloud\WeSolver.Cloud.ccproj", "{335130AB-B1FF-47A6-8B33-12BD6651354B}"
EndProject
Global
	GlobalSection(SolutionConfigurationPlatforms) = preSolution
		Debug|Any CPU = Debug|Any CPU
		Release|Any CPU = Release|Any CPU
	EndGlobalSection
	GlobalSection(ProjectConfigurationPlatforms) = postSolution
		{28FAC31D-9D4F-49CE-B2F7-4F465F3D86D1}.Debug|Any CPU.ActiveCfg = Debug|Any CPU
		{28FAC31D-9D4F-49CE-B2F7-4F465F3D86D1}.Debug|Any CPU.Build.0 = Debug|Any CPU
		{28FAC31D-9D4F-49CE-B2F7-4F465F3D86D1}.Release|Any CPU.ActiveCfg = Release|Any CPU
		{28FAC31D-9D4F-49CE-B2F7-4F465F3D86D1}.Release|Any CPU.Build.0 = Release|Any CPU
		{335130AB-B1FF-47A6-8B33-12BD6651354B}.Debug|Any CPU.ActiveCfg = Debug|Any CPU
		{335130AB-B1FF-47A6-8B33-12BD6651354B}.Debug|Any CPU.Build.0 = Debug|Any CPU
		{335130AB-B1FF-47A6-8B33-12BD6651354B}.Release|Any CPU.ActiveCfg = Release|Any CPU
		{335130AB-B1FF-47A6-8B33-12BD6651354B}.Release|Any CPU.Build.0 = Release|Any CPU
	EndGlobalSection
	GlobalSection(SolutionProperties) = preSolution
		HideSolutionNode = FALSE
	EndGlobalSection
EndGlobal
