
Microsoft Visual Studio Solution File, Format Version 11.00
# Visual Studio 2010
Project("{FAE04EC0-301F-11D3-BF4B-00C04F79EFBC}") = "WeSolver.WebHost", "WeSolver.WebHost\WeSolver.WebHost.csproj", "{28FAC31D-9D4F-49CE-B2F7-4F465F3D86D1}"
EndProject
Project("{CC5FD16D-436D-48AD-A40C-5A424C6E3E79}") = "WeSolver.Cloud", "WeSolver.Cloud\WeSolver.Cloud.ccproj", "{335130AB-B1FF-47A6-8B33-12BD6651354B}"
EndProject
Project("{2150E333-8FDC-42A3-9474-1A3956D46DE8}") = "Registration", "Registration", "{76CF744F-8402-4FE8-8D7B-2F7B32C5823A}"
EndProject
Project("{FAE04EC0-301F-11D3-BF4B-00C04F79EFBC}") = "WeSolver.Facebook", "WeSolver.Facebook\WeSolver.Facebook.csproj", "{48BA19A4-3EB1-479C-9369-739726E3F50A}"
EndProject
Project("{FAE04EC0-301F-11D3-BF4B-00C04F79EFBC}") = "WeSolver.Registration", "WeSolver.Registration\WeSolver.Registration.csproj", "{91C8F4B5-833E-45E5-9D57-917F9E228098}"
EndProject
Project("{2150E333-8FDC-42A3-9474-1A3956D46DE8}") = "Testing", "Testing", "{ED92C1D1-4A22-4FFF-819E-8833BAAC4698}"
EndProject
Project("{FAE04EC0-301F-11D3-BF4B-00C04F79EFBC}") = "WeSolver.UnitTests", "WeSolver.UnitTests\WeSolver.UnitTests.csproj", "{C0B03DEC-8DEC-4AF3-B9E9-F58E4C207CE0}"
EndProject
Global
	GlobalSection(SolutionConfigurationPlatforms) = preSolution
		Debug|Any CPU = Debug|Any CPU
		Release|Any CPU = Release|Any CPU
	EndGlobalSection
	GlobalSection(ProjectConfigurationPlatforms) = postSolution
		{28FAC31D-9D4F-49CE-B2F7-4F465F3D86D1}.Debug|Any CPU.ActiveCfg = Debug|Any CPU
		{28FAC31D-9D4F-49CE-B2F7-4F465F3D86D1}.Debug|Any CPU.Build.0 = Debug|Any CPU
		{28FAC31D-9D4F-49CE-B2F7-4F465F3D86D1}.Release|Any CPU.ActiveCfg = Release|Any CPU
		{28FAC31D-9D4F-49CE-B2F7-4F465F3D86D1}.Release|Any CPU.Build.0 = Release|Any CPU
		{335130AB-B1FF-47A6-8B33-12BD6651354B}.Debug|Any CPU.ActiveCfg = Debug|Any CPU
		{335130AB-B1FF-47A6-8B33-12BD6651354B}.Debug|Any CPU.Build.0 = Debug|Any CPU
		{335130AB-B1FF-47A6-8B33-12BD6651354B}.Release|Any CPU.ActiveCfg = Release|Any CPU
		{335130AB-B1FF-47A6-8B33-12BD6651354B}.Release|Any CPU.Build.0 = Release|Any CPU
		{48BA19A4-3EB1-479C-9369-739726E3F50A}.Debug|Any CPU.ActiveCfg = Debug|Any CPU
		{48BA19A4-3EB1-479C-9369-739726E3F50A}.Debug|Any CPU.Build.0 = Debug|Any CPU
		{48BA19A4-3EB1-479C-9369-739726E3F50A}.Release|Any CPU.ActiveCfg = Release|Any CPU
		{48BA19A4-3EB1-479C-9369-739726E3F50A}.Release|Any CPU.Build.0 = Release|Any CPU
		{91C8F4B5-833E-45E5-9D57-917F9E228098}.Debug|Any CPU.ActiveCfg = Debug|Any CPU
		{91C8F4B5-833E-45E5-9D57-917F9E228098}.Debug|Any CPU.Build.0 = Debug|Any CPU
		{91C8F4B5-833E-45E5-9D57-917F9E228098}.Release|Any CPU.ActiveCfg = Release|Any CPU
		{91C8F4B5-833E-45E5-9D57-917F9E228098}.Release|Any CPU.Build.0 = Release|Any CPU
		{C0B03DEC-8DEC-4AF3-B9E9-F58E4C207CE0}.Debug|Any CPU.ActiveCfg = Debug|Any CPU
		{C0B03DEC-8DEC-4AF3-B9E9-F58E4C207CE0}.Debug|Any CPU.Build.0 = Debug|Any CPU
		{C0B03DEC-8DEC-4AF3-B9E9-F58E4C207CE0}.Release|Any CPU.ActiveCfg = Release|Any CPU
		{C0B03DEC-8DEC-4AF3-B9E9-F58E4C207CE0}.Release|Any CPU.Build.0 = Release|Any CPU
	EndGlobalSection
	GlobalSection(SolutionProperties) = preSolution
		HideSolutionNode = FALSE
	EndGlobalSection
	GlobalSection(NestedProjects) = preSolution
		{48BA19A4-3EB1-479C-9369-739726E3F50A} = {76CF744F-8402-4FE8-8D7B-2F7B32C5823A}
		{91C8F4B5-833E-45E5-9D57-917F9E228098} = {76CF744F-8402-4FE8-8D7B-2F7B32C5823A}
		{C0B03DEC-8DEC-4AF3-B9E9-F58E4C207CE0} = {ED92C1D1-4A22-4FFF-819E-8833BAAC4698}
	EndGlobalSection
EndGlobal
